// !$*UTF8*$!
{
	archiveVersion = 1;
	classes = {
	};
	objectVersion = 77;
	objects = {

/* Begin PBXContainerItemProxy section */
		E5C2D7802CEFA37300836E09 /* PBXContainerItemProxy */ = {
			isa = PBXContainerItemProxy;
			containerPortal = E5C2D7672CEFA37100836E09 /* Project object */;
			proxyType = 1;
			remoteGlobalIDString = E5C2D76E2CEFA37100836E09;
			remoteInfo = "Rubix AR Assistant";
		};
		E5C2D78A2CEFA37300836E09 /* PBXContainerItemProxy */ = {
			isa = PBXContainerItemProxy;
			containerPortal = E5C2D7672CEFA37100836E09 /* Project object */;
			proxyType = 1;
			remoteGlobalIDString = E5C2D76E2CEFA37100836E09;
			remoteInfo = "Rubix AR Assistant";
		};
/* End PBXContainerItemProxy section */

/* Begin PBXFileReference section */
		E5C2D76F2CEFA37100836E09 /* Rubix AR Assistant.app */ = {isa = PBXFileReference; explicitFileType = wrapper.application; includeInIndex = 0; path = "Rubix AR Assistant.app"; sourceTree = BUILT_PRODUCTS_DIR; };
		E5C2D77F2CEFA37300836E09 /* Rubix AR AssistantTests.xctest */ = {isa = PBXFileReference; explicitFileType = wrapper.cfbundle; includeInIndex = 0; path = "Rubix AR AssistantTests.xctest"; sourceTree = BUILT_PRODUCTS_DIR; };
		E5C2D7892CEFA37300836E09 /* Rubix AR AssistantUITests.xctest */ = {isa = PBXFileReference; explicitFileType = wrapper.cfbundle; includeInIndex = 0; path = "Rubix AR AssistantUITests.xctest"; sourceTree = BUILT_PRODUCTS_DIR; };
/* End PBXFileReference section */

/* Begin PBXFileSystemSynchronizedRootGroup section */
		E5C2D7712CEFA37100836E09 /* Rubix AR Assistant */ = {
			isa = PBXFileSystemSynchronizedRootGroup;
			path = "Rubix AR Assistant";
			sourceTree = "<group>";
		};
		E5C2D7822CEFA37300836E09 /* Rubix AR AssistantTests */ = {
			isa = PBXFileSystemSynchronizedRootGroup;
			path = "Rubix AR AssistantTests";
			sourceTree = "<group>";
		};
		E5C2D78C2CEFA37300836E09 /* Rubix AR AssistantUITests */ = {
			isa = PBXFileSystemSynchronizedRootGroup;
			path = "Rubix AR AssistantUITests";
			sourceTree = "<group>";
		};
/* End PBXFileSystemSynchronizedRootGroup section */

/* Begin PBXFrameworksBuildPhase section */
		E5C2D76C2CEFA37100836E09 /* Frameworks */ = {
			isa = PBXFrameworksBuildPhase;
			buildActionMask = 2147483647;
			files = (
			);
			runOnlyForDeploymentPostprocessing = 0;
		};
		E5C2D77C2CEFA37300836E09 /* Frameworks */ = {
			isa = PBXFrameworksBuildPhase;
			buildActionMask = 2147483647;
			files = (
			);
			runOnlyForDeploymentPostprocessing = 0;
		};
		E5C2D7862CEFA37300836E09 /* Frameworks */ = {
			isa = PBXFrameworksBuildPhase;
			buildActionMask = 2147483647;
			files = (
			);
			runOnlyForDeploymentPostprocessing = 0;
		};
/* End PBXFrameworksBuildPhase section */

/* Begin PBXGroup section */
		E5C2D7662CEFA37100836E09 = {
			isa = PBXGroup;
			children = (
				E5C2D7712CEFA37100836E09 /* Rubix AR Assistant */,
				E5C2D7822CEFA37300836E09 /* Rubix AR AssistantTests */,
				E5C2D78C2CEFA37300836E09 /* Rubix AR AssistantUITests */,
				E5C2D7702CEFA37100836E09 /* Products */,
			);
			sourceTree = "<group>";
		};
		E5C2D7702CEFA37100836E09 /* Products */ = {
			isa = PBXGroup;
			children = (
				E5C2D76F2CEFA37100836E09 /* Rubix AR Assistant.app */,
				E5C2D77F2CEFA37300836E09 /* Rubix AR AssistantTests.xctest */,
				E5C2D7892CEFA37300836E09 /* Rubix AR AssistantUITests.xctest */,
			);
			name = Products;
			sourceTree = "<group>";
		};
/* End PBXGroup section */

/* Begin PBXNativeTarget section */
		E5C2D76E2CEFA37100836E09 /* Rubix AR Assistant */ = {
			isa = PBXNativeTarget;
			buildConfigurationList = E5C2D7932CEFA37300836E09 /* Build configuration list for PBXNativeTarget "Rubix AR Assistant" */;
			buildPhases = (
				E5C2D76B2CEFA37100836E09 /* Sources */,
				E5C2D76C2CEFA37100836E09 /* Frameworks */,
				E5C2D76D2CEFA37100836E09 /* Resources */,
			);
			buildRules = (
			);
			dependencies = (
			);
			fileSystemSynchronizedGroups = (
				E5C2D7712CEFA37100836E09 /* Rubix AR Assistant */,
			);
			name = "Rubix AR Assistant";
			packageProductDependencies = (
			);
			productName = "Rubix AR Assistant";
			productReference = E5C2D76F2CEFA37100836E09 /* Rubix AR Assistant.app */;
			productType = "com.apple.product-type.application";
		};
		E5C2D77E2CEFA37300836E09 /* Rubix AR AssistantTests */ = {
			isa = PBXNativeTarget;
			buildConfigurationList = E5C2D7962CEFA37300836E09 /* Build configuration list for PBXNativeTarget "Rubix AR AssistantTests" */;
			buildPhases = (
				E5C2D77B2CEFA37300836E09 /* Sources */,
				E5C2D77C2CEFA37300836E09 /* Frameworks */,
				E5C2D77D2CEFA37300836E09 /* Resources */,
			);
			buildRules = (
			);
			dependencies = (
				E5C2D7812CEFA37300836E09 /* PBXTargetDependency */,
			);
			fileSystemSynchronizedGroups = (
				E5C2D7822CEFA37300836E09 /* Rubix AR AssistantTests */,
			);
			name = "Rubix AR AssistantTests";
			packageProductDependencies = (
			);
			productName = "Rubix AR AssistantTests";
			productReference = E5C2D77F2CEFA37300836E09 /* Rubix AR AssistantTests.xctest */;
			productType = "com.apple.product-type.bundle.unit-test";
		};
		E5C2D7882CEFA37300836E09 /* Rubix AR AssistantUITests */ = {
			isa = PBXNativeTarget;
			buildConfigurationList = E5C2D7992CEFA37300836E09 /* Build configuration list for PBXNativeTarget "Rubix AR AssistantUITests" */;
			buildPhases = (
				E5C2D7852CEFA37300836E09 /* Sources */,
				E5C2D7862CEFA37300836E09 /* Frameworks */,
				E5C2D7872CEFA37300836E09 /* Resources */,
			);
			buildRules = (
			);
			dependencies = (
				E5C2D78B2CEFA37300836E09 /* PBXTargetDependency */,
			);
			fileSystemSynchronizedGroups = (
				E5C2D78C2CEFA37300836E09 /* Rubix AR AssistantUITests */,
			);
			name = "Rubix AR AssistantUITests";
			packageProductDependencies = (
			);
			productName = "Rubix AR AssistantUITests";
			productReference = E5C2D7892CEFA37300836E09 /* Rubix AR AssistantUITests.xctest */;
			productType = "com.apple.product-type.bundle.ui-testing";
		};
/* End PBXNativeTarget section */

/* Begin PBXProject section */
		E5C2D7672CEFA37100836E09 /* Project object */ = {
			isa = PBXProject;
			attributes = {
				BuildIndependentTargetsInParallel = 1;
				LastSwiftUpdateCheck = 1610;
				LastUpgradeCheck = 1610;
				TargetAttributes = {
					E5C2D76E2CEFA37100836E09 = {
						CreatedOnToolsVersion = 16.1;
					};
					E5C2D77E2CEFA37300836E09 = {
						CreatedOnToolsVersion = 16.1;
						TestTargetID = E5C2D76E2CEFA37100836E09;
					};
					E5C2D7882CEFA37300836E09 = {
						CreatedOnToolsVersion = 16.1;
						TestTargetID = E5C2D76E2CEFA37100836E09;
					};
				};
			};
			buildConfigurationList = E5C2D76A2CEFA37100836E09 /* Build configuration list for PBXProject "Rubix AR Assistant" */;
			developmentRegion = en;
			hasScannedForEncodings = 0;
			knownRegions = (
				en,
				Base,
			);
			mainGroup = E5C2D7662CEFA37100836E09;
			minimizedProjectReferenceProxies = 1;
			preferredProjectObjectVersion = 77;
			productRefGroup = E5C2D7702CEFA37100836E09 /* Products */;
			projectDirPath = "";
			projectRoot = "";
			targets = (
				E5C2D76E2CEFA37100836E09 /* Rubix AR Assistant */,
				E5C2D77E2CEFA37300836E09 /* Rubix AR AssistantTests */,
				E5C2D7882CEFA37300836E09 /* Rubix AR AssistantUITests */,
			);
		};
/* End PBXProject section */

/* Begin PBXResourcesBuildPhase section */
		E5C2D76D2CEFA37100836E09 /* Resources */ = {
			isa = PBXResourcesBuildPhase;
			buildActionMask = 2147483647;
			files = (
			);
			runOnlyForDeploymentPostprocessing = 0;
		};
		E5C2D77D2CEFA37300836E09 /* Resources */ = {
			isa = PBXResourcesBuildPhase;
			buildActionMask = 2147483647;
			files = (
			);
			runOnlyForDeploymentPostprocessing = 0;
		};
		E5C2D7872CEFA37300836E09 /* Resources */ = {
			isa = PBXResourcesBuildPhase;
			buildActionMask = 2147483647;
			files = (
			);
			runOnlyForDeploymentPostprocessing = 0;
		};
/* End PBXResourcesBuildPhase section */

/* Begin PBXSourcesBuildPhase section */
		E5C2D76B2CEFA37100836E09 /* Sources */ = {
			isa = PBXSourcesBuildPhase;
			buildActionMask = 2147483647;
			files = (
			);
			runOnlyForDeploymentPostprocessing = 0;
		};
		E5C2D77B2CEFA37300836E09 /* Sources */ = {
			isa = PBXSourcesBuildPhase;
			buildActionMask = 2147483647;
			files = (
			);
			runOnlyForDeploymentPostprocessing = 0;
		};
		E5C2D7852CEFA37300836E09 /* Sources */ = {
			isa = PBXSourcesBuildPhase;
			buildActionMask = 2147483647;
			files = (
			);
			runOnlyForDeploymentPostprocessing = 0;
		};
/* End PBXSourcesBuildPhase section */

/* Begin PBXTargetDependency section */
		E5C2D7812CEFA37300836E09 /* PBXTargetDependency */ = {
			isa = PBXTargetDependency;
			target = E5C2D76E2CEFA37100836E09 /* Rubix AR Assistant */;
			targetProxy = E5C2D7802CEFA37300836E09 /* PBXContainerItemProxy */;
		};
		E5C2D78B2CEFA37300836E09 /* PBXTargetDependency */ = {
			isa = PBXTargetDependency;
			target = E5C2D76E2CEFA37100836E09 /* Rubix AR Assistant */;
			targetProxy = E5C2D78A2CEFA37300836E09 /* PBXContainerItemProxy */;
		};
/* End PBXTargetDependency section */

/* Begin XCBuildConfiguration section */
		E5C2D7912CEFA37300836E09 /* Debug */ = {
			isa = XCBuildConfiguration;
			buildSettings = {
				ALWAYS_SEARCH_USER_PATHS = NO;
				ASSETCATALOG_COMPILER_GENERATE_SWIFT_ASSET_SYMBOL_EXTENSIONS = YES;
				CLANG_ANALYZER_NONNULL = YES;
				CLANG_ANALYZER_NUMBER_OBJECT_CONVERSION = YES_AGGRESSIVE;
				CLANG_CXX_LANGUAGE_STANDARD = "gnu++20";
				CLANG_ENABLE_MODULES = YES;
				CLANG_ENABLE_OBJC_ARC = YES;
				CLANG_ENABLE_OBJC_WEAK = YES;
				CLANG_WARN_BLOCK_CAPTURE_AUTORELEASING = YES;
				CLANG_WARN_BOOL_CONVERSION = YES;
				CLANG_WARN_COMMA = YES;
				CLANG_WARN_CONSTANT_CONVERSION = YES;
				CLANG_WARN_DEPRECATED_OBJC_IMPLEMENTATIONS = YES;
				CLANG_WARN_DIRECT_OBJC_ISA_USAGE = YES_ERROR;
				CLANG_WARN_DOCUMENTATION_COMMENTS = YES;
				CLANG_WARN_EMPTY_BODY = YES;
				CLANG_WARN_ENUM_CONVERSION = YES;
				CLANG_WARN_INFINITE_RECURSION = YES;
				CLANG_WARN_INT_CONVERSION = YES;
				CLANG_WARN_NON_LITERAL_NULL_CONVERSION = YES;
				CLANG_WARN_OBJC_IMPLICIT_RETAIN_SELF = YES;
				CLANG_WARN_OBJC_LITERAL_CONVERSION = YES;
				CLANG_WARN_OBJC_ROOT_CLASS = YES_ERROR;
				CLANG_WARN_QUOTED_INCLUDE_IN_FRAMEWORK_HEADER = YES;
				CLANG_WARN_RANGE_LOOP_ANALYSIS = YES;
				CLANG_WARN_STRICT_PROTOTYPES = YES;
				CLANG_WARN_SUSPICIOUS_MOVE = YES;
				CLANG_WARN_UNGUARDED_AVAILABILITY = YES_AGGRESSIVE;
				CLANG_WARN_UNREACHABLE_CODE = YES;
				CLANG_WARN__DUPLICATE_METHOD_MATCH = YES;
				COPY_PHASE_STRIP = NO;
				DEBUG_INFORMATION_FORMAT = dwarf;
				ENABLE_STRICT_OBJC_MSGSEND = YES;
				ENABLE_TESTABILITY = YES;
				ENABLE_USER_SCRIPT_SANDBOXING = YES;
				GCC_C_LANGUAGE_STANDARD = gnu17;
				GCC_DYNAMIC_NO_PIC = NO;
				GCC_NO_COMMON_BLOCKS = YES;
				GCC_OPTIMIZATION_LEVEL = 0;
				GCC_PREPROCESSOR_DEFINITIONS = (
					"DEBUG=1",
					"$(inherited)",
				);
				GCC_WARN_64_TO_32_BIT_CONVERSION = YES;
				GCC_WARN_ABOUT_RETURN_TYPE = YES_ERROR;
				GCC_WARN_UNDECLARED_SELECTOR = YES;
				GCC_WARN_UNINITIALIZED_AUTOS = YES_AGGRESSIVE;
				GCC_WARN_UNUSED_FUNCTION = YES;
				GCC_WARN_UNUSED_VARIABLE = YES;
				IPHONEOS_DEPLOYMENT_TARGET = 18.1;
				LOCALIZATION_PREFERS_STRING_CATALOGS = YES;
				MTL_ENABLE_DEBUG_INFO = INCLUDE_SOURCE;
				MTL_FAST_MATH = YES;
				ONLY_ACTIVE_ARCH = YES;
				SDKROOT = iphoneos;
				SWIFT_ACTIVE_COMPILATION_CONDITIONS = "DEBUG $(inherited)";
				SWIFT_OPTIMIZATION_LEVEL = "-Onone";
			};
			name = Debug;
		};
		E5C2D7922CEFA37300836E09 /* Release */ = {
			isa = XCBuildConfiguration;
			buildSettings = {
				ALWAYS_SEARCH_USER_PATHS = NO;
				ASSETCATALOG_COMPILER_GENERATE_SWIFT_ASSET_SYMBOL_EXTENSIONS = YES;
				CLANG_ANALYZER_NONNULL = YES;
				CLANG_ANALYZER_NUMBER_OBJECT_CONVERSION = YES_AGGRESSIVE;
				CLANG_CXX_LANGUAGE_STANDARD = "gnu++20";
				CLANG_ENABLE_MODULES = YES;
				CLANG_ENABLE_OBJC_ARC = YES;
				CLANG_ENABLE_OBJC_WEAK = YES;
				CLANG_WARN_BLOCK_CAPTURE_AUTORELEASING = YES;
				CLANG_WARN_BOOL_CONVERSION = YES;
				CLANG_WARN_COMMA = YES;
				CLANG_WARN_CONSTANT_CONVERSION = YES;
				CLANG_WARN_DEPRECATED_OBJC_IMPLEMENTATIONS = YES;
				CLANG_WARN_DIRECT_OBJC_ISA_USAGE = YES_ERROR;
				CLANG_WARN_DOCUMENTATION_COMMENTS = YES;
				CLANG_WARN_EMPTY_BODY = YES;
				CLANG_WARN_ENUM_CONVERSION = YES;
				CLANG_WARN_INFINITE_RECURSION = YES;
				CLANG_WARN_INT_CONVERSION = YES;
				CLANG_WARN_NON_LITERAL_NULL_CONVERSION = YES;
				CLANG_WARN_OBJC_IMPLICIT_RETAIN_SELF = YES;
				CLANG_WARN_OBJC_LITERAL_CONVERSION = YES;
				CLANG_WARN_OBJC_ROOT_CLASS = YES_ERROR;
				CLANG_WARN_QUOTED_INCLUDE_IN_FRAMEWORK_HEADER = YES;
				CLANG_WARN_RANGE_LOOP_ANALYSIS = YES;
				CLANG_WARN_STRICT_PROTOTYPES = YES;
				CLANG_WARN_SUSPICIOUS_MOVE = YES;
				CLANG_WARN_UNGUARDED_AVAILABILITY = YES_AGGRESSIVE;
				CLANG_WARN_UNREACHABLE_CODE = YES;
				CLANG_WARN__DUPLICATE_METHOD_MATCH = YES;
				COPY_PHASE_STRIP = NO;
				DEBUG_INFORMATION_FORMAT = "dwarf-with-dsym";
				ENABLE_NS_ASSERTIONS = NO;
				ENABLE_STRICT_OBJC_MSGSEND = YES;
				ENABLE_USER_SCRIPT_SANDBOXING = YES;
				GCC_C_LANGUAGE_STANDARD = gnu17;
				GCC_NO_COMMON_BLOCKS = YES;
				GCC_WARN_64_TO_32_BIT_CONVERSION = YES;
				GCC_WARN_ABOUT_RETURN_TYPE = YES_ERROR;
				GCC_WARN_UNDECLARED_SELECTOR = YES;
				GCC_WARN_UNINITIALIZED_AUTOS = YES_AGGRESSIVE;
				GCC_WARN_UNUSED_FUNCTION = YES;
				GCC_WARN_UNUSED_VARIABLE = YES;
				IPHONEOS_DEPLOYMENT_TARGET = 18.1;
				LOCALIZATION_PREFERS_STRING_CATALOGS = YES;
				MTL_ENABLE_DEBUG_INFO = NO;
				MTL_FAST_MATH = YES;
				SDKROOT = iphoneos;
				SWIFT_COMPILATION_MODE = wholemodule;
				VALIDATE_PRODUCT = YES;
			};
			name = Release;
		};
		E5C2D7942CEFA37300836E09 /* Debug */ = {
			isa = XCBuildConfiguration;
			buildSettings = {
				ASSETCATALOG_COMPILER_APPICON_NAME = AppIcon;
				ASSETCATALOG_COMPILER_GLOBAL_ACCENT_COLOR_NAME = AccentColor;
				CODE_SIGN_STYLE = Automatic;
				CURRENT_PROJECT_VERSION = 1;
				DEVELOPMENT_ASSET_PATHS = "\"Rubix AR Assistant/Preview Content\"";
				DEVELOPMENT_TEAM = L7R5BK4M43;
				ENABLE_PREVIEWS = YES;
				GENERATE_INFOPLIST_FILE = YES;
				INFOPLIST_KEY_NSCameraUsageDescription = "";
				INFOPLIST_KEY_UIApplicationSupportsIndirectInputEvents = YES;
				INFOPLIST_KEY_UILaunchScreen_Generation = YES;
				INFOPLIST_KEY_UIRequiredDeviceCapabilities = arkit;
				INFOPLIST_KEY_UIStatusBarHidden = YES;
				INFOPLIST_KEY_UISupportedInterfaceOrientations_iPad = "UIInterfaceOrientationPortrait UIInterfaceOrientationPortraitUpsideDown UIInterfaceOrientationLandscapeLeft UIInterfaceOrientationLandscapeRight";
				INFOPLIST_KEY_UISupportedInterfaceOrientations_iPhone = "UIInterfaceOrientationPortrait UIInterfaceOrientationLandscapeLeft UIInterfaceOrientationLandscapeRight";
				LD_RUNPATH_SEARCH_PATHS = (
					"$(inherited)",
					"@executable_path/Frameworks",
				);
				MARKETING_VERSION = 1.0;
				PRODUCT_BUNDLE_IDENTIFIER = "Isabella.Pena.Rubix-AR-Assistant";
				PRODUCT_NAME = "$(TARGET_NAME)";
				SWIFT_EMIT_LOC_STRINGS = YES;
				SWIFT_VERSION = 5.0;
				TARGETED_DEVICE_FAMILY = "1,2";
			};
			name = Debug;
		};
		E5C2D7952CEFA37300836E09 /* Release */ = {
			isa = XCBuildConfiguration;
			buildSettings = {
				ASSETCATALOG_COMPILER_APPICON_NAME = AppIcon;
				ASSETCATALOG_COMPILER_GLOBAL_ACCENT_COLOR_NAME = AccentColor;
				CODE_SIGN_STYLE = Automatic;
				CURRENT_PROJECT_VERSION = 1;
				DEVELOPMENT_ASSET_PATHS = "\"Rubix AR Assistant/Preview Content\"";
				DEVELOPMENT_TEAM = L7R5BK4M43;
				ENABLE_PREVIEWS = YES;
				GENERATE_INFOPLIST_FILE = YES;
				INFOPLIST_KEY_NSCameraUsageDescription = "";
				INFOPLIST_KEY_UIApplicationSupportsIndirectInputEvents = YES;
				INFOPLIST_KEY_UILaunchScreen_Generation = YES;
				INFOPLIST_KEY_UIRequiredDeviceCapabilities = arkit;
				INFOPLIST_KEY_UIStatusBarHidden = YES;
				INFOPLIST_KEY_UISupportedInterfaceOrientations_iPad = "UIInterfaceOrientationPortrait UIInterfaceOrientationPortraitUpsideDown UIInterfaceOrientationLandscapeLeft UIInterfaceOrientationLandscapeRight";
				INFOPLIST_KEY_UISupportedInterfaceOrientations_iPhone = "UIInterfaceOrientationPortrait UIInterfaceOrientationLandscapeLeft UIInterfaceOrientationLandscapeRight";
				LD_RUNPATH_SEARCH_PATHS = (
					"$(inherited)",
					"@executable_path/Frameworks",
				);
				MARKETING_VERSION = 1.0;
				PRODUCT_BUNDLE_IDENTIFIER = "Isabella.Pena.Rubix-AR-Assistant";
				PRODUCT_NAME = "$(TARGET_NAME)";
				SWIFT_EMIT_LOC_STRINGS = YES;
				SWIFT_VERSION = 5.0;
				TARGETED_DEVICE_FAMILY = "1,2";
			};
			name = Release;
		};
		E5C2D7972CEFA37300836E09 /* Debug */ = {
			isa = XCBuildConfiguration;
			buildSettings = {
				BUNDLE_LOADER = "$(TEST_HOST)";
				CODE_SIGN_STYLE = Automatic;
				CURRENT_PROJECT_VERSION = 1;
				DEVELOPMENT_TEAM = L7R5BK4M43;
				GENERATE_INFOPLIST_FILE = YES;
				IPHONEOS_DEPLOYMENT_TARGET = 18.1;
				MARKETING_VERSION = 1.0;
				PRODUCT_BUNDLE_IDENTIFIER = "Isabella.Pena.Rubix-AR-AssistantTests";
				PRODUCT_NAME = "$(TARGET_NAME)";
				SWIFT_EMIT_LOC_STRINGS = NO;
				SWIFT_VERSION = 5.0;
				TARGETED_DEVICE_FAMILY = "1,2";
				TEST_HOST = "$(BUILT_PRODUCTS_DIR)/Rubix AR Assistant.app/$(BUNDLE_EXECUTABLE_FOLDER_PATH)/Rubix AR Assistant";
			};
			name = Debug;
		};
		E5C2D7982CEFA37300836E09 /* Release */ = {
			isa = XCBuildConfiguration;
			buildSettings = {
				BUNDLE_LOADER = "$(TEST_HOST)";
				CODE_SIGN_STYLE = Automatic;
				CURRENT_PROJECT_VERSION = 1;
				DEVELOPMENT_TEAM = L7R5BK4M43;
				GENERATE_INFOPLIST_FILE = YES;
				IPHONEOS_DEPLOYMENT_TARGET = 18.1;
				MARKETING_VERSION = 1.0;
				PRODUCT_BUNDLE_IDENTIFIER = "Isabella.Pena.Rubix-AR-AssistantTests";
				PRODUCT_NAME = "$(TARGET_NAME)";
				SWIFT_EMIT_LOC_STRINGS = NO;
				SWIFT_VERSION = 5.0;
				TARGETED_DEVICE_FAMILY = "1,2";
				TEST_HOST = "$(BUILT_PRODUCTS_DIR)/Rubix AR Assistant.app/$(BUNDLE_EXECUTABLE_FOLDER_PATH)/Rubix AR Assistant";
			};
			name = Release;
		};
		E5C2D79A2CEFA37300836E09 /* Debug */ = {
			isa = XCBuildConfiguration;
			buildSettings = {
				CODE_SIGN_STYLE = Automatic;
				CURRENT_PROJECT_VERSION = 1;
				DEVELOPMENT_TEAM = L7R5BK4M43;
				GENERATE_INFOPLIST_FILE = YES;
				MARKETING_VERSION = 1.0;
				PRODUCT_BUNDLE_IDENTIFIER = "Isabella.Pena.Rubix-AR-AssistantUITests";
				PRODUCT_NAME = "$(TARGET_NAME)";
				SWIFT_EMIT_LOC_STRINGS = NO;
				SWIFT_VERSION = 5.0;
				TARGETED_DEVICE_FAMILY = "1,2";
				TEST_TARGET_NAME = "Rubix AR Assistant";
			};
			name = Debug;
		};
		E5C2D79B2CEFA37300836E09 /* Release */ = {
			isa = XCBuildConfiguration;
			buildSettings = {
				CODE_SIGN_STYLE = Automatic;
				CURRENT_PROJECT_VERSION = 1;
				DEVELOPMENT_TEAM = L7R5BK4M43;
				GENERATE_INFOPLIST_FILE = YES;
				MARKETING_VERSION = 1.0;
				PRODUCT_BUNDLE_IDENTIFIER = "Isabella.Pena.Rubix-AR-AssistantUITests";
				PRODUCT_NAME = "$(TARGET_NAME)";
				SWIFT_EMIT_LOC_STRINGS = NO;
				SWIFT_VERSION = 5.0;
				TARGETED_DEVICE_FAMILY = "1,2";
				TEST_TARGET_NAME = "Rubix AR Assistant";
			};
			name = Release;
		};
/* End XCBuildConfiguration section */

/* Begin XCConfigurationList section */
		E5C2D76A2CEFA37100836E09 /* Build configuration list for PBXProject "Rubix AR Assistant" */ = {
			isa = XCConfigurationList;
			buildConfigurations = (
				E5C2D7912CEFA37300836E09 /* Debug */,
				E5C2D7922CEFA37300836E09 /* Release */,
			);
			defaultConfigurationIsVisible = 0;
			defaultConfigurationName = Release;
		};
		E5C2D7932CEFA37300836E09 /* Build configuration list for PBXNativeTarget "Rubix AR Assistant" */ = {
			isa = XCConfigurationList;
			buildConfigurations = (
				E5C2D7942CEFA37300836E09 /* Debug */,
				E5C2D7952CEFA37300836E09 /* Release */,
			);
			defaultConfigurationIsVisible = 0;
			defaultConfigurationName = Release;
		};
		E5C2D7962CEFA37300836E09 /* Build configuration list for PBXNativeTarget "Rubix AR AssistantTests" */ = {
			isa = XCConfigurationList;
			buildConfigurations = (
				E5C2D7972CEFA37300836E09 /* Debug */,
				E5C2D7982CEFA37300836E09 /* Release */,
			);
			defaultConfigurationIsVisible = 0;
			defaultConfigurationName = Release;
		};
		E5C2D7992CEFA37300836E09 /* Build configuration list for PBXNativeTarget "Rubix AR AssistantUITests" */ = {
			isa = XCConfigurationList;
			buildConfigurations = (
				E5C2D79A2CEFA37300836E09 /* Debug */,
				E5C2D79B2CEFA37300836E09 /* Release */,
			);
			defaultConfigurationIsVisible = 0;
			defaultConfigurationName = Release;
		};
/* End XCConfigurationList section */
	};
	rootObject = E5C2D7672CEFA37100836E09 /* Project object */;
}
